
Microsoft Visual Studio Solution File, Format Version 12.00
# Visual Studio 15
VisualStudioVersion = 15.0.26430.16
MinimumVisualStudioVersion = 10.0.40219.1
Project("{2150E333-8FDC-42A3-9474-1A3956D46DE8}") = "Solution Items", "Solution Items", "{EE0192F3-5498-43CD-99BA-B920689D7761}"
	ProjectSection(SolutionItems) = preProject
		.gitginore = .gitginore
		HLI.Core.sln.DotSettings = HLI.Core.sln.DotSettings
		NuGet.config = NuGet.config
		ReadMe.md = ReadMe.md
		Settings.StyleCop = Settings.StyleCop
	EndProjectSection
EndProject
Project("{2150E333-8FDC-42A3-9474-1A3956D46DE8}") = "Tests", "Tests", "{D50547F1-965F-4BA3-A180-ABBCA766A637}"
EndProject
Project("{2150E333-8FDC-42A3-9474-1A3956D46DE8}") = "Netstandard", "Netstandard", "{27BD16D2-E501-4B01-90A1-193BED8AB3E7}"
EndProject
Project("{FAE04EC0-301F-11D3-BF4B-00C04F79EFBC}") = "HLI.Core.Tests", "HLI.Core.Tests\HLI.Core.Tests.csproj", "{D797F376-5CB0-4E3D-B7D7-B9C14C77342C}"
EndProject
Project("{FAE04EC0-301F-11D3-BF4B-00C04F79EFBC}") = "HLI.Core", "HLI.Core\HLI.Core.csproj", "{E473CEFF-1C11-47B7-B108-4E3295AF2471}"
EndProject
Project("{FAE04EC0-301F-11D3-BF4B-00C04F79EFBC}") = "HLI.Core.NetStd.Tests", "HLI.COre.NetStd.Tests\HLI.Core.NetStd.Tests.csproj", "{4D95DF12-5563-44B3-88F0-A1B18A6BB70E}"
EndProject
Global
	GlobalSection(SolutionConfigurationPlatforms) = preSolution
		Debug|Any CPU = Debug|Any CPU
		Release|Any CPU = Release|Any CPU
	EndGlobalSection
	GlobalSection(ProjectConfigurationPlatforms) = postSolution
		{D797F376-5CB0-4E3D-B7D7-B9C14C77342C}.Debug|Any CPU.ActiveCfg = Debug|Any CPU
		{D797F376-5CB0-4E3D-B7D7-B9C14C77342C}.Debug|Any CPU.Build.0 = Debug|Any CPU
		{D797F376-5CB0-4E3D-B7D7-B9C14C77342C}.Release|Any CPU.ActiveCfg = Release|Any CPU
		{D797F376-5CB0-4E3D-B7D7-B9C14C77342C}.Release|Any CPU.Build.0 = Release|Any CPU
		{E473CEFF-1C11-47B7-B108-4E3295AF2471}.Debug|Any CPU.ActiveCfg = Debug|Any CPU
		{E473CEFF-1C11-47B7-B108-4E3295AF2471}.Debug|Any CPU.Build.0 = Debug|Any CPU
		{E473CEFF-1C11-47B7-B108-4E3295AF2471}.Release|Any CPU.ActiveCfg = Release|Any CPU
		{E473CEFF-1C11-47B7-B108-4E3295AF2471}.Release|Any CPU.Build.0 = Release|Any CPU
		{4D95DF12-5563-44B3-88F0-A1B18A6BB70E}.Debug|Any CPU.ActiveCfg = Debug|Any CPU
		{4D95DF12-5563-44B3-88F0-A1B18A6BB70E}.Debug|Any CPU.Build.0 = Debug|Any CPU
		{4D95DF12-5563-44B3-88F0-A1B18A6BB70E}.Release|Any CPU.ActiveCfg = Release|Any CPU
		{4D95DF12-5563-44B3-88F0-A1B18A6BB70E}.Release|Any CPU.Build.0 = Release|Any CPU
	EndGlobalSection
	GlobalSection(SolutionProperties) = preSolution
		HideSolutionNode = FALSE
	EndGlobalSection
	GlobalSection(NestedProjects) = preSolution
		{D797F376-5CB0-4E3D-B7D7-B9C14C77342C} = {D50547F1-965F-4BA3-A180-ABBCA766A637}
		{E473CEFF-1C11-47B7-B108-4E3295AF2471} = {27BD16D2-E501-4B01-90A1-193BED8AB3E7}
		{4D95DF12-5563-44B3-88F0-A1B18A6BB70E} = {D50547F1-965F-4BA3-A180-ABBCA766A637}
	EndGlobalSection
EndGlobal
